<?xml version="1.0" encoding="utf-8"?>
<Project ToolsVersion="4.0" xmlns="http://schemas.microsoft.com/developer/msbuild/2003">
  <ItemGroup>
    <Filter Include="Source Files">
      <UniqueIdentifier>{4FC737F1-C7A5-4376-A066-2A32D752A2FF}</UniqueIdentifier>
      <Extensions>cpp;c;cc;cxx;c++;cppm;ixx;def;odl;idl;hpj;bat;asm;asmx</Extensions>
    </Filter>
    <Filter Include="Header Files">
      <UniqueIdentifier>{93995380-89BD-4b04-88EB-625FBE52EBFB}</UniqueIdentifier>
      <Extensions>h;hh;hpp;hxx;h++;hm;inl;inc;ipp;xsd</Extensions>
    </Filter>
    <Filter Include="Resource Files">
      <UniqueIdentifier>{67DA6AB6-F800-4c08-8B7A-83BB121AAD01}</UniqueIdentifier>
      <Extensions>rc;ico;cur;bmp;dlg;rc2;rct;bin;rgs;gif;jpg;jpeg;jpe;resx;tiff;tif;png;wav;mfcribbon-ms</Extensions>
    </Filter>
  </ItemGroup>
  <ItemGroup>
    <ClCompile Include="main\csgo.cpp">
      <Filter>Source Files</Filter>
    </ClCompile>
    <ClCompile Include="others\util.cpp">
      <Filter>Source Files</Filter>
    </ClCompile>
    <ClCompile Include="main\dll.cpp">
      <Filter>Source Files</Filter>
    </ClCompile>
    <ClCompile Include="others\wapi.cpp">
      <Filter>Source Files</Filter>
    </ClCompile>
    <ClCompile Include="dependencies\classes\crc32.cpp">
      <Filter>Source Files</Filter>
    </ClCompile>
    <ClCompile Include="main\interface.cpp">
      <Filter>Source Files</Filter>
    </ClCompile>
    <ClCompile Include="main\handlers\entityhandler.cpp">
      <Filter>Source Files</Filter>
    </ClCompile>
    <ClCompile Include="main\handlers\netvarmanager.cpp">
      <Filter>Source Files</Filter>
    </ClCompile>
    <ClCompile Include="main\sdk\baseentity.cpp">
      <Filter>Source Files</Filter>
    </ClCompile>
    <ClCompile Include="main\sdk\animation.cpp">
      <Filter>Source Files</Filter>
    </ClCompile>
    <ClCompile Include="main\hooks.cpp">
      <Filter>Source Files</Filter>
    </ClCompile>
    <ClCompile Include="dependencies\mh\hde\hde32.c">
      <Filter>Source Files</Filter>
    </ClCompile>
    <ClCompile Include="dependencies\mh\hde\hde64.c">
      <Filter>Source Files</Filter>
    </ClCompile>
    <ClCompile Include="dependencies\mh\buffer.c">
      <Filter>Source Files</Filter>
    </ClCompile>
    <ClCompile Include="dependencies\mh\hook.c">
      <Filter>Source Files</Filter>
    </ClCompile>
    <ClCompile Include="dependencies\mh\trampoline.c">
      <Filter>Source Files</Filter>
    </ClCompile>
    <ClCompile Include="dependencies\imgui\backends\imgui_impl_dx9.cpp">
      <Filter>Source Files</Filter>
    </ClCompile>
    <ClCompile Include="dependencies\imgui\backends\imgui_impl_win32.cpp">
      <Filter>Source Files</Filter>
    </ClCompile>
    <ClCompile Include="dependencies\imgui\imgui.cpp">
      <Filter>Source Files</Filter>
    </ClCompile>
    <ClCompile Include="dependencies\imgui\imgui_demo.cpp">
      <Filter>Source Files</Filter>
    </ClCompile>
    <ClCompile Include="dependencies\imgui\imgui_draw.cpp">
      <Filter>Source Files</Filter>
    </ClCompile>
    <ClCompile Include="dependencies\imgui\imgui_tables.cpp">
      <Filter>Source Files</Filter>
    </ClCompile>
    <ClCompile Include="dependencies\imgui\imgui_widgets.cpp">
      <Filter>Source Files</Filter>
    </ClCompile>
    <ClCompile Include="dependencies\classes\inputsys.cpp">
      <Filter>Source Files</Filter>
    </ClCompile>
    <ClCompile Include="main\ui\ui.cpp">
      <Filter>Source Files</Filter>
    </ClCompile>
    <ClCompile Include="main\features\visuals.cpp">
      <Filter>Source Files</Filter>
    </ClCompile>
    <ClCompile Include="main\renderer.cpp">
      <Filter>Source Files</Filter>
    </ClCompile>
    <ClCompile Include="main\math.cpp">
      <Filter>Source Files</Filter>
    </ClCompile>
    <ClCompile Include="main\handlers\animationsmanager.cpp">
      <Filter>Source Files</Filter>
    </ClCompile>
    <ClCompile Include="main\handlers\convarmanager.cpp">
      <Filter>Source Files</Filter>
    </ClCompile>
    <ClCompile Include="main\sdk\ikcontext.cpp">
      <Filter>Source Files</Filter>
    </ClCompile>
    <ClCompile Include="main\sdk\cbonesetup.cpp">
      <Filter>Source Files</Filter>
    </ClCompile>
    <ClCompile Include="main\sdk\bonesetuprebuilt.cpp">
      <Filter>Source Files</Filter>
    </ClCompile>
    <ClCompile Include="main\ui\vars.cpp">
      <Filter>Source Files</Filter>
    </ClCompile>
    <ClCompile Include="main\handlers\localengine.cpp">
      <Filter>Source Files</Filter>
    </ClCompile>
    <ClCompile Include="main\features\nadepred.cpp">
      <Filter>Source Files</Filter>
    </ClCompile>
    <ClCompile Include="main\features\tracesystem.cpp">
      <Filter>Source Files</Filter>
    </ClCompile>
    <ClCompile Include="main\features\nadewarning.cpp">
      <Filter>Source Files</Filter>
    </ClCompile>
    <ClCompile Include="dependencies\imgui\imgui_freetype.cpp">
      <Filter>Source Files</Filter>
    </ClCompile>
    <ClCompile Include="main\handlers\eventmanager.cpp">
      <Filter>Source Files</Filter>
    </ClCompile>
    <ClCompile Include="main\handlers\firebulletmanager.cpp">
      <Filter>Source Files</Filter>
    </ClCompile>
    <ClCompile Include="main\handlers\eventlogger.cpp">
      <Filter>Source Files</Filter>
    </ClCompile>
    <ClCompile Include="main\handlers\cmdmgr.cpp">
      <Filter>Source Files</Filter>
    </ClCompile>
    <ClCompile Include="main\features\chams.cpp">
      <Filter>Source Files</Filter>
    </ClCompile>
    <ClCompile Include="dependencies\classes\keyvalues.cpp">
      <Filter>Source Files</Filter>
    </ClCompile>
    <ClCompile Include="main\features\skins\skinparser.cpp">
      <Filter>Source Files</Filter>
    </ClCompile>
    <ClCompile Include="main\features\skins\skins.cpp">
      <Filter>Source Files</Filter>
    </ClCompile>
    <ClCompile Include="dependencies\classes\autobaseptr.cpp">
      <Filter>Source Files</Filter>
    </ClCompile>
    <ClCompile Include="main\features\misc.cpp">
      <Filter>Source Files</Filter>
    </ClCompile>
    <ClCompile Include="main\features\prediction.cpp">
      <Filter>Source Files</Filter>
    </ClCompile>
    <ClCompile Include="main\handlers\localanimmanager.cpp">
      <Filter>Source Files</Filter>
    </ClCompile>
    <ClCompile Include="main\handlers\packethandler.cpp">
      <Filter>Source Files</Filter>
    </ClCompile>
    <ClCompile Include="main\features\antiaim.cpp">
      <Filter>Source Files</Filter>
    </ClCompile>
    <ClCompile Include="dependencies\curl\hwid\hwid.cpp">
      <Filter>Source Files</Filter>
    </ClCompile>
    <ClCompile Include="dependencies\curl\hwid\md5.cpp">
      <Filter>Source Files</Filter>
    </ClCompile>
    <ClCompile Include="main\features\ragebot.cpp">
      <Filter>Source Files</Filter>
    </ClCompile>
    <ClCompile Include="dependencies\classes\clipraytrace.cpp">
      <Filter>Source Files</Filter>
    </ClCompile>
    <ClCompile Include="main\features\autowall.cpp">
      <Filter>Source Files</Filter>
    </ClCompile>
  </ItemGroup>
  <ItemGroup>
    <ClInclude Include="includes.h">
      <Filter>Header Files</Filter>
    </ClInclude>
    <ClInclude Include="main\dll.h">
      <Filter>Header Files</Filter>
    </ClInclude>
    <ClInclude Include="others\util.h">
      <Filter>Header Files</Filter>
    </ClInclude>
    <ClInclude Include="others\wapi.h">
      <Filter>Header Files</Filter>
    </ClInclude>
    <ClInclude Include="selfprotect\strencrypt.h">
      <Filter>Header Files</Filter>
    </ClInclude>
    <ClInclude Include="dependencies\classes\color.h">
      <Filter>Header Files</Filter>
    </ClInclude>
    <ClInclude Include="dependencies\classes\datamap.h">
      <Filter>Header Files</Filter>
    </ClInclude>
    <ClInclude Include="dependencies\classes\datatable.h">
      <Filter>Header Files</Filter>
    </ClInclude>
    <ClInclude Include="dependencies\classes\utlmemory.h">
      <Filter>Header Files</Filter>
    </ClInclude>
    <ClInclude Include="dependencies\classes\utlstack.h">
      <Filter>Header Files</Filter>
    </ClInclude>
    <ClInclude Include="dependencies\classes\utlvector.h">
      <Filter>Header Files</Filter>
    </ClInclude>
    <ClInclude Include="dependencies\classes\vector.h">
      <Filter>Header Files</Filter>
    </ClInclude>
    <ClInclude Include="dependencies\classes\crc32.h">
      <Filter>Header Files</Filter>
    </ClInclude>
    <ClInclude Include="dependencies\classes\usercmd.h">
      <Filter>Header Files</Filter>
    </ClInclude>
    <ClInclude Include="dependencies\classes\matrix.h">
      <Filter>Header Files</Filter>
    </ClInclude>
    <ClInclude Include="dependencies\classes\bitbuf.h">
      <Filter>Header Files</Filter>
    </ClInclude>
    <ClInclude Include="dependencies\classes\bspflags.h">
      <Filter>Header Files</Filter>
    </ClInclude>
    <ClInclude Include="dependencies\classes\definitions.h">
      <Filter>Header Files</Filter>
    </ClInclude>
    <ClInclude Include="dependencies\classes\studio.h">
      <Filter>Header Files</Filter>
    </ClInclude>
    <ClInclude Include="main\interfaces\ibaseclient.h">
      <Filter>Header Files</Filter>
    </ClInclude>
    <ClInclude Include="main\interfaces.h">
      <Filter>Header Files</Filter>
    </ClInclude>
    <ClInclude Include="main\sdk\baseentity.h">
      <Filter>Header Files</Filter>
    </ClInclude>
    <ClInclude Include="main\interfaces\icliententitylist.h">
      <Filter>Header Files</Filter>
    </ClInclude>
    <ClInclude Include="main\interfaces\iclientmodeshared.h">
      <Filter>Header Files</Filter>
    </ClInclude>
    <ClInclude Include="main\interfaces\isurface.h">
      <Filter>Header Files</Filter>
    </ClInclude>
    <ClInclude Include="dependencies\classes\pe32.h">
      <Filter>Header Files</Filter>
    </ClInclude>
    <ClInclude Include="main\sdk.h">
      <Filter>Header Files</Filter>
    </ClInclude>
    <ClInclude Include="main\handlers\entityhandler.h">
      <Filter>Header Files</Filter>
    </ClInclude>
    <ClInclude Include="main\handlers\netvarmanager.h">
      <Filter>Header Files</Filter>
    </ClInclude>
    <ClInclude Include="dependencies\classes\fnva.h">
      <Filter>Header Files</Filter>
    </ClInclude>
    <ClInclude Include="main\interfaces\ivmodelinfo.h">
      <Filter>Header Files</Filter>
    </ClInclude>
    <ClInclude Include="main\interfaces\ienginetrace.h">
      <Filter>Header Files</Filter>
    </ClInclude>
    <ClInclude Include="main\sdk\animation.h">
      <Filter>Header Files</Filter>
    </ClInclude>
    <ClInclude Include="main\interfaces\iengine.h">
      <Filter>Header Files</Filter>
    </ClInclude>
    <ClInclude Include="main\interfaces\inetchannel.h">
      <Filter>Header Files</Filter>
    </ClInclude>
    <ClInclude Include="main\hooks.h">
      <Filter>Header Files</Filter>
    </ClInclude>
    <ClInclude Include="main\interfaces\ikeyvalues.h">
      <Filter>Header Files</Filter>
    </ClInclude>
    <ClInclude Include="dependencies\mh\hde\hde32.h">
      <Filter>Header Files</Filter>
    </ClInclude>
    <ClInclude Include="dependencies\mh\hde\hde64.h">
      <Filter>Header Files</Filter>
    </ClInclude>
    <ClInclude Include="dependencies\mh\hde\pstdint.h">
      <Filter>Header Files</Filter>
    </ClInclude>
    <ClInclude Include="dependencies\mh\hde\table32.h">
      <Filter>Header Files</Filter>
    </ClInclude>
    <ClInclude Include="dependencies\mh\hde\table64.h">
      <Filter>Header Files</Filter>
    </ClInclude>
    <ClInclude Include="dependencies\mh\buffer.h">
      <Filter>Header Files</Filter>
    </ClInclude>
    <ClInclude Include="dependencies\mh\MinHook.h">
      <Filter>Header Files</Filter>
    </ClInclude>
    <ClInclude Include="dependencies\mh\trampoline.h">
      <Filter>Header Files</Filter>
    </ClInclude>
    <ClInclude Include="dependencies\hooklibs\detour.h">
      <Filter>Header Files</Filter>
    </ClInclude>
    <ClInclude Include="main\interfaces\iinput.h">
      <Filter>Header Files</Filter>
    </ClInclude>
    <ClInclude Include="dependencies\imgui\backends\imgui_impl_dx9.h">
      <Filter>Header Files</Filter>
    </ClInclude>
    <ClInclude Include="dependencies\imgui\backends\imgui_impl_win32.h">
      <Filter>Header Files</Filter>
    </ClInclude>
    <ClInclude Include="dependencies\imgui\imconfig.h">
      <Filter>Header Files</Filter>
    </ClInclude>
    <ClInclude Include="dependencies\imgui\imgui.h">
      <Filter>Header Files</Filter>
    </ClInclude>
    <ClInclude Include="dependencies\imgui\imgui_internal.h">
      <Filter>Header Files</Filter>
    </ClInclude>
    <ClInclude Include="dependencies\imgui\imstb_rectpack.h">
      <Filter>Header Files</Filter>
    </ClInclude>
    <ClInclude Include="dependencies\imgui\imstb_textedit.h">
      <Filter>Header Files</Filter>
    </ClInclude>
    <ClInclude Include="dependencies\imgui\imstb_truetype.h">
      <Filter>Header Files</Filter>
    </ClInclude>
    <ClInclude Include="dependencies\classes\inputsys.h">
      <Filter>Header Files</Filter>
    </ClInclude>
    <ClInclude Include="main\interfaces\iinputsystem.h">
      <Filter>Header Files</Filter>
    </ClInclude>
    <ClInclude Include="main\ui\vars.h">
      <Filter>Header Files</Filter>
    </ClInclude>
    <ClInclude Include="dependencies\fonts\menufonts.h">
      <Filter>Header Files</Filter>
    </ClInclude>
    <ClInclude Include="main\ui\ui.h">
      <Filter>Header Files</Filter>
    </ClInclude>
    <ClInclude Include="main\interfaces\ivpanel.h">
      <Filter>Header Files</Filter>
    </ClInclude>
    <ClInclude Include="main\features\visuals.h">
      <Filter>Header Files</Filter>
    </ClInclude>
    <ClInclude Include="main\renderer.h">
      <Filter>Header Files</Filter>
    </ClInclude>
    <ClInclude Include="main\gvars.h">
      <Filter>Header Files</Filter>
    </ClInclude>
    <ClInclude Include="main\math.h">
      <Filter>Header Files</Filter>
    </ClInclude>
    <ClInclude Include="main\interfaces\ivglobalvars.h">
      <Filter>Header Files</Filter>
    </ClInclude>
    <ClInclude Include="main\interfaces\iweaponsystem.h">
      <Filter>Header Files</Filter>
    </ClInclude>
    <ClInclude Include="main\interfaces\ilocalize.h">
      <Filter>Header Files</Filter>
    </ClInclude>
    <ClInclude Include="main\handlers\animationsmanager.h">
      <Filter>Header Files</Filter>
    </ClInclude>
    <ClInclude Include="main\handlers\convarmanager.h">
      <Filter>Header Files</Filter>
    </ClInclude>
    <ClInclude Include="main\interfaces\ivconvar.h">
      <Filter>Header Files</Filter>
    </ClInclude>
    <ClInclude Include="main\sdk\ikcontext.h">
      <Filter>Header Files</Filter>
    </ClInclude>
    <ClInclude Include="main\sdk\cbonesetup.h">
      <Filter>Header Files</Filter>
    </ClInclude>
    <ClInclude Include="main\sdk\bonesetuprebuilt.h">
      <Filter>Header Files</Filter>
    </ClInclude>
    <ClInclude Include="main\interfaces\imdlcache.h">
      <Filter>Header Files</Filter>
    </ClInclude>
    <ClInclude Include="main\interfaces\imemalloc.h">
      <Filter>Header Files</Filter>
    </ClInclude>
    <ClInclude Include="main\interfaces\iglowobject.h">
      <Filter>Header Files</Filter>
    </ClInclude>
    <ClInclude Include="main\handlers\localengine.h">
      <Filter>Header Files</Filter>
    </ClInclude>
    <ClInclude Include="main\interfaces\iprediction.h">
      <Filter>Header Files</Filter>
    </ClInclude>
    <ClInclude Include="dependencies\classes\address.h">
      <Filter>Header Files</Filter>
    </ClInclude>
    <ClInclude Include="dependencies\classes\stack.h">
      <Filter>Header Files</Filter>
    </ClInclude>
    <ClInclude Include="main\interfaces\imaterialsystem.h">
      <Filter>Header Files</Filter>
    </ClInclude>
    <ClInclude Include="dependencies\classes\autobaseptr.h">
      <Filter>Header Files</Filter>
    </ClInclude>
    <ClInclude Include="dependencies\fonts\weaponicons.h">
      <Filter>Header Files</Filter>
    </ClInclude>
    <ClInclude Include="dependencies\imgui\imgui_freetype.h">
      <Filter>Header Files</Filter>
    </ClInclude>
    <ClInclude Include="main\handlers\eventmanager.h">
      <Filter>Header Files</Filter>
    </ClInclude>
    <ClInclude Include="main\interfaces\ieventgamemanager.h">
      <Filter>Header Files</Filter>
    </ClInclude>
    <ClInclude Include="main\handlers\firebulletmanager.h">
      <Filter>Header Files</Filter>
    </ClInclude>
    <ClInclude Include="main\handlers\eventlogger.h">
      <Filter>Header Files</Filter>
    </ClInclude>
    <ClInclude Include="dependencies\fonts\smallestpixel.h">
      <Filter>Header Files</Filter>
    </ClInclude>
    <ClInclude Include="main\interfaces\ivdebugoverlay.h">
      <Filter>Header Files</Filter>
    </ClInclude>
    <ClInclude Include="main\features\nadepred.h">
      <Filter>Header Files</Filter>
    </ClInclude>
    <ClInclude Include="main\features\nadewarning.h">
      <Filter>Header Files</Filter>
    </ClInclude>
    <ClInclude Include="main\handlers\cmdmgr.h">
      <Filter>Header Files</Filter>
    </ClInclude>
    <ClInclude Include="main\features\chams.h">
      <Filter>Header Files</Filter>
    </ClInclude>
    <ClInclude Include="dependencies\classes\classvalues.h">
      <Filter>Header Files</Filter>
    </ClInclude>
    <ClInclude Include="main\interfaces\surfacerender.h">
      <Filter>Header Files</Filter>
    </ClInclude>
    <ClInclude Include="main\features\skins\skins.h">
      <Filter>Header Files</Filter>
    </ClInclude>
    <ClInclude Include="main\features\misc.h">
      <Filter>Header Files</Filter>
    </ClInclude>
    <ClInclude Include="main\interfaces\igameproxyrules.h">
      <Filter>Header Files</Filter>
    </ClInclude>
    <ClInclude Include="main\features\prediction.h">
      <Filter>Header Files</Filter>
    </ClInclude>
    <ClInclude Include="main\interfaces\igametypes.h">
      <Filter>Header Files</Filter>
    </ClInclude>
    <ClInclude Include="main\interfaces\isteamcoordinator.h">
      <Filter>Header Files</Filter>
    </ClInclude>
    <ClInclude Include="main\interfaces\isteamclienth.h">
      <Filter>Header Files</Filter>
    </ClInclude>
    <ClInclude Include="main\interfaces\ifilesystem.h">
      <Filter>Header Files</Filter>
    </ClInclude>
    <ClInclude Include="main\handlers\localanimmanager.h">
      <Filter>Header Files</Filter>
    </ClInclude>
    <ClInclude Include="main\handlers\packethandler.h">
      <Filter>Header Files</Filter>
    </ClInclude>
    <ClInclude Include="main\interfaces\inetworkstringtable.h">
      <Filter>Header Files</Filter>
    </ClInclude>
    <ClInclude Include="main\features\antiaim.h">
      <Filter>Header Files</Filter>
    </ClInclude>
    <ClInclude Include="dependencies\curl\hwid\hwid.h">
      <Filter>Header Files</Filter>
    </ClInclude>
    <ClInclude Include="dependencies\curl\hwid\md5.h">
      <Filter>Header Files</Filter>
    </ClInclude>
    <ClInclude Include="dependencies\curl\rapidjson\error\en.h">
      <Filter>Header Files</Filter>
    </ClInclude>
    <ClInclude Include="dependencies\curl\rapidjson\error\error.h">
      <Filter>Header Files</Filter>
    </ClInclude>
    <ClInclude Include="dependencies\curl\rapidjson\internal\biginteger.h">
      <Filter>Header Files</Filter>
    </ClInclude>
    <ClInclude Include="dependencies\curl\rapidjson\internal\diyfp.h">
      <Filter>Header Files</Filter>
    </ClInclude>
    <ClInclude Include="dependencies\curl\rapidjson\internal\dtoa.h">
      <Filter>Header Files</Filter>
    </ClInclude>
    <ClInclude Include="dependencies\curl\rapidjson\internal\ieee754.h">
      <Filter>Header Files</Filter>
    </ClInclude>
    <ClInclude Include="dependencies\curl\rapidjson\internal\itoa.h">
      <Filter>Header Files</Filter>
    </ClInclude>
    <ClInclude Include="dependencies\curl\rapidjson\internal\meta.h">
      <Filter>Header Files</Filter>
    </ClInclude>
    <ClInclude Include="dependencies\curl\rapidjson\internal\pow10.h">
      <Filter>Header Files</Filter>
    </ClInclude>
    <ClInclude Include="dependencies\curl\rapidjson\internal\regex.h">
      <Filter>Header Files</Filter>
    </ClInclude>
    <ClInclude Include="dependencies\curl\rapidjson\internal\stack.h">
      <Filter>Header Files</Filter>
    </ClInclude>
    <ClInclude Include="dependencies\curl\rapidjson\internal\strfunc.h">
      <Filter>Header Files</Filter>
    </ClInclude>
    <ClInclude Include="dependencies\curl\rapidjson\internal\strtod.h">
      <Filter>Header Files</Filter>
    </ClInclude>
    <ClInclude Include="dependencies\curl\rapidjson\internal\swap.h">
      <Filter>Header Files</Filter>
    </ClInclude>
    <ClInclude Include="dependencies\curl\rapidjson\msinttypes\inttypes.h">
      <Filter>Header Files</Filter>
    </ClInclude>
    <ClInclude Include="dependencies\curl\rapidjson\msinttypes\stdint.h">
      <Filter>Header Files</Filter>
    </ClInclude>
    <ClInclude Include="dependencies\curl\rapidjson\allocators.h">
      <Filter>Header Files</Filter>
    </ClInclude>
    <ClInclude Include="dependencies\curl\rapidjson\document.h">
      <Filter>Header Files</Filter>
    </ClInclude>
    <ClInclude Include="dependencies\curl\rapidjson\encodedstream.h">
      <Filter>Header Files</Filter>
    </ClInclude>
    <ClInclude Include="dependencies\curl\rapidjson\encodings.h">
      <Filter>Header Files</Filter>
    </ClInclude>
    <ClInclude Include="dependencies\curl\rapidjson\filereadstream.h">
      <Filter>Header Files</Filter>
    </ClInclude>
    <ClInclude Include="dependencies\curl\rapidjson\filewritestream.h">
      <Filter>Header Files</Filter>
    </ClInclude>
    <ClInclude Include="dependencies\curl\rapidjson\fwd.h">
      <Filter>Header Files</Filter>
    </ClInclude>
    <ClInclude Include="dependencies\curl\rapidjson\istreamwrapper.h">
      <Filter>Header Files</Filter>
    </ClInclude>
    <ClInclude Include="dependencies\curl\rapidjson\memorybuffer.h">
      <Filter>Header Files</Filter>
    </ClInclude>
    <ClInclude Include="dependencies\curl\rapidjson\memorystream.h">
      <Filter>Header Files</Filter>
    </ClInclude>
    <ClInclude Include="dependencies\curl\rapidjson\ostreamwrapper.h">
      <Filter>Header Files</Filter>
    </ClInclude>
    <ClInclude Include="dependencies\curl\rapidjson\pointer.h">
      <Filter>Header Files</Filter>
    </ClInclude>
    <ClInclude Include="dependencies\curl\rapidjson\prettywriter.h">
      <Filter>Header Files</Filter>
    </ClInclude>
    <ClInclude Include="dependencies\curl\rapidjson\rapidjson.h">
      <Filter>Header Files</Filter>
    </ClInclude>
    <ClInclude Include="dependencies\curl\rapidjson\reader.h">
      <Filter>Header Files</Filter>
    </ClInclude>
    <ClInclude Include="dependencies\curl\rapidjson\schema.h">
      <Filter>Header Files</Filter>
    </ClInclude>
    <ClInclude Include="dependencies\curl\rapidjson\stream.h">
      <Filter>Header Files</Filter>
    </ClInclude>
    <ClInclude Include="dependencies\curl\rapidjson\stringbuffer.h">
      <Filter>Header Files</Filter>
    </ClInclude>
    <ClInclude Include="dependencies\curl\rapidjson\writer.h">
      <Filter>Header Files</Filter>
    </ClInclude>
    <ClInclude Include="dependencies\curl\curl.h">
      <Filter>Header Files</Filter>
    </ClInclude>
    <ClInclude Include="dependencies\curl\curlver.h">
      <Filter>Header Files</Filter>
    </ClInclude>
    <ClInclude Include="dependencies\curl\easy.h">
      <Filter>Header Files</Filter>
    </ClInclude>
    <ClInclude Include="dependencies\curl\mprintf.h">
      <Filter>Header Files</Filter>
    </ClInclude>
    <ClInclude Include="dependencies\curl\multi.h">
      <Filter>Header Files</Filter>
    </ClInclude>
    <ClInclude Include="dependencies\curl\options.h">
      <Filter>Header Files</Filter>
    </ClInclude>
    <ClInclude Include="dependencies\curl\stdcheaders.h">
      <Filter>Header Files</Filter>
    </ClInclude>
    <ClInclude Include="dependencies\curl\system.h">
      <Filter>Header Files</Filter>
    </ClInclude>
    <ClInclude Include="dependencies\curl\typecheck-gcc.h">
      <Filter>Header Files</Filter>
    </ClInclude>
    <ClInclude Include="dependencies\curl\urlapi.h">
      <Filter>Header Files</Filter>
    </ClInclude>
    <ClInclude Include="main\features\ragebot.h">
      <Filter>Header Files</Filter>
    </ClInclude>
    <ClInclude Include="dependencies\classes\clipraytrace.h">
      <Filter>Header Files</Filter>
    </ClInclude>
    <ClInclude Include="main\features\autowall.h">
      <Filter>Header Files</Filter>
    </ClInclude>
    <ClInclude Include="main\interfaces\iphysicssurfaceprops.h">
      <Filter>Header Files</Filter>
    </ClInclude>
    <ClInclude Include="main\interfaces\imodelrender.h">
      <Filter>Header Files</Filter>
    </ClInclude>
  </ItemGroup>
  <ItemGroup>
    <Library Include="dependencies\freetype\win32\freetype.lib" />
    <Library Include="dependencies\freetype\win32\freetype_debug.lib" />
    <Library Include="dependencies\curl\libcurl_a.lib" />
  </ItemGroup>
</Project>